
Microsoft Visual Studio Solution File, Format Version 12.00
# Visual Studio Version 16
VisualStudioVersion = 16.0.31205.134
MinimumVisualStudioVersion = 10.0.40219.1
Project("{FAE04EC0-301F-11D3-BF4B-00C04F79EFBC}") = "CheckoutPromotionClassLibrary", "CheckoutPromotionClassLibrary\CheckoutPromotionClassLibrary.csproj", "{17B587F6-B78E-4CC0-A2DF-B7D5D32829A1}"
EndProject
Project("{FAE04EC0-301F-11D3-BF4B-00C04F79EFBC}") = "CheckoutPromotionUnitTest", "CheckoutPromotionUnitTest\CheckoutPromotionUnitTest.csproj", "{CD0FA057-7A6C-48DC-AC03-533029536912}"
EndProject
Global
	GlobalSection(SolutionConfigurationPlatforms) = preSolution
		Debug|Any CPU = Debug|Any CPU
		Release|Any CPU = Release|Any CPU
	EndGlobalSection
	GlobalSection(ProjectConfigurationPlatforms) = postSolution
		{17B587F6-B78E-4CC0-A2DF-B7D5D32829A1}.Debug|Any CPU.ActiveCfg = Debug|Any CPU
		{17B587F6-B78E-4CC0-A2DF-B7D5D32829A1}.Debug|Any CPU.Build.0 = Debug|Any CPU
		{17B587F6-B78E-4CC0-A2DF-B7D5D32829A1}.Release|Any CPU.ActiveCfg = Release|Any CPU
		{17B587F6-B78E-4CC0-A2DF-B7D5D32829A1}.Release|Any CPU.Build.0 = Release|Any CPU
		{CD0FA057-7A6C-48DC-AC03-533029536912}.Debug|Any CPU.ActiveCfg = Debug|Any CPU
		{CD0FA057-7A6C-48DC-AC03-533029536912}.Debug|Any CPU.Build.0 = Debug|Any CPU
		{CD0FA057-7A6C-48DC-AC03-533029536912}.Release|Any CPU.ActiveCfg = Release|Any CPU
		{CD0FA057-7A6C-48DC-AC03-533029536912}.Release|Any CPU.Build.0 = Release|Any CPU
	EndGlobalSection
	GlobalSection(SolutionProperties) = preSolution
		HideSolutionNode = FALSE
	EndGlobalSection
	GlobalSection(ExtensibilityGlobals) = postSolution
		SolutionGuid = {A93486EE-9C79-4F66-A3B8-6D1ADB6C7413}
	EndGlobalSection
EndGlobal
